Microsoft Visual Studio Solution File, Format Version 12.00
# Visual Studio Version 17
VisualStudioVersion = 17.5.2.0
MinimumVisualStudioVersion = 10.0.40219.1
Project("{FAE04EC0-301F-11D3-BF4B-00C04F79EFBC}") = "BookRepositoryApi", "BookRepositoryApi\BookRepositoryApi.csproj", "{0CBC10D1-7D7E-A965-385A-E1E29490687B}"
EndProject
Global
	GlobalSection(SolutionConfigurationPlatforms) = preSolution
		Debug|Any CPU = Debug|Any CPU
		Release|Any CPU = Release|Any CPU
	EndGlobalSection
	GlobalSection(ProjectConfigurationPlatforms) = postSolution
		{0CBC10D1-7D7E-A965-385A-E1E29490687B}.Debug|Any CPU.ActiveCfg = Debug|Any CPU
		{0CBC10D1-7D7E-A965-385A-E1E29490687B}.Debug|Any CPU.Build.0 = Debug|Any CPU
		{0CBC10D1-7D7E-A965-385A-E1E29490687B}.Release|Any CPU.ActiveCfg = Release|Any CPU
		{0CBC10D1-7D7E-A965-385A-E1E29490687B}.Release|Any CPU.Build.0 = Release|Any CPU
	EndGlobalSection
	GlobalSection(SolutionProperties) = preSolution
		HideSolutionNode = FALSE
	EndGlobalSection
	GlobalSection(ExtensibilityGlobals) = postSolution
		SolutionGuid = {13167BA6-ECB8-4C34-80BF-6BCA9A01F710}
	EndGlobalSection
EndGlobal
